// !$*UTF8*$!
{
	archiveVersion = 1;
	classes = {
	};
	objectVersion = 56;
	objects = {

/* Begin PBXBuildFile section */
		E52EF74828EC1D9C00FEF7FD /* ZooEndpoint.swift in Sources */ = {isa = PBXBuildFile; fileRef = E52EF74728EC1D9C00FEF7FD /* ZooEndpoint.swift */; };
		E52EF74A28EC1DC500FEF7FD /* Endpoint.swift in Sources */ = {isa = PBXBuildFile; fileRef = E52EF74928EC1DC500FEF7FD /* Endpoint.swift */; };
		E52EF74C28EC1DF600FEF7FD /* HttpRequestMethods.swift in Sources */ = {isa = PBXBuildFile; fileRef = E52EF74B28EC1DF600FEF7FD /* HttpRequestMethods.swift */; };
		E52EF74F28EC204D00FEF7FD /* NetworkingEngine.swift in Sources */ = {isa = PBXBuildFile; fileRef = E52EF74E28EC204D00FEF7FD /* NetworkingEngine.swift */; };
		E52EF75128EC207B00FEF7FD /* NetworkError.swift in Sources */ = {isa = PBXBuildFile; fileRef = E52EF75028EC207B00FEF7FD /* NetworkError.swift */; };
		E52EF75328EC232800FEF7FD /* AnimalListViewModel.swift in Sources */ = {isa = PBXBuildFile; fileRef = E52EF75228EC232800FEF7FD /* AnimalListViewModel.swift */; };
		E52EF75528EC261300FEF7FD /* DependencyProvider.swift in Sources */ = {isa = PBXBuildFile; fileRef = E52EF75428EC261300FEF7FD /* DependencyProvider.swift */; };
		E52EF75728EC37A000FEF7FD /* ImageDownloaderProtocol.swift in Sources */ = {isa = PBXBuildFile; fileRef = E52EF75628EC37A000FEF7FD /* ImageDownloaderProtocol.swift */; };
		E52EF75928EC37B900FEF7FD /* ImageDownloader.swift in Sources */ = {isa = PBXBuildFile; fileRef = E52EF75828EC37B900FEF7FD /* ImageDownloader.swift */; };
		E52EF75B28EC38D000FEF7FD /* ImageCacheProtocol.swift in Sources */ = {isa = PBXBuildFile; fileRef = E52EF75A28EC38D000FEF7FD /* ImageCacheProtocol.swift */; };
		E52EF75D28EC392B00FEF7FD /* ImageCache.swift in Sources */ = {isa = PBXBuildFile; fileRef = E52EF75C28EC392B00FEF7FD /* ImageCache.swift */; };
		E58F99C228E6EE9D00D46A06 /* ZooListFlowCoordinator.swift in Sources */ = {isa = PBXBuildFile; fileRef = E58F99C128E6EE9B00D46A06 /* ZooListFlowCoordinator.swift */; };
		E58F99C428E6EEF300D46A06 /* AppFlowCoordinator.swift in Sources */ = {isa = PBXBuildFile; fileRef = E58F99C328E6EEF300D46A06 /* AppFlowCoordinator.swift */; };
		E58F99C628E6F66900D46A06 /* ZooListViewController.swift in Sources */ = {isa = PBXBuildFile; fileRef = E58F99C528E6F66900D46A06 /* ZooListViewController.swift */; };
		E58F99CA28E6FB8300D46A06 /* ZooListView.swift in Sources */ = {isa = PBXBuildFile; fileRef = E58F99C928E6FB8300D46A06 /* ZooListView.swift */; };
		E58F99CD28E6FCB000D46A06 /* Animal.swift in Sources */ = {isa = PBXBuildFile; fileRef = E58F99CC28E6FCB000D46A06 /* Animal.swift */; };
		E58F99D028E6FE1B00D46A06 /* AnimalTableViewCell.swift in Sources */ = {isa = PBXBuildFile; fileRef = E58F99CF28E6FE1B00D46A06 /* AnimalTableViewCell.swift */; };
		E5B78BFE28E6E1AB0028F457 /* AppDelegate.swift in Sources */ = {isa = PBXBuildFile; fileRef = E5B78BFD28E6E1AB0028F457 /* AppDelegate.swift */; };
		E5B78C0028E6E1AB0028F457 /* SceneDelegate.swift in Sources */ = {isa = PBXBuildFile; fileRef = E5B78BFF28E6E1AB0028F457 /* SceneDelegate.swift */; };
		E5B78C0228E6E1AB0028F457 /* ViewController.swift in Sources */ = {isa = PBXBuildFile; fileRef = E5B78C0128E6E1AB0028F457 /* ViewController.swift */; };
		E5B78C0728E6E1B00028F457 /* Assets.xcassets in Resources */ = {isa = PBXBuildFile; fileRef = E5B78C0628E6E1B00028F457 /* Assets.xcassets */; };
		E5B78C0A28E6E1B00028F457 /* LaunchScreen.storyboard in Resources */ = {isa = PBXBuildFile; fileRef = E5B78C0828E6E1B00028F457 /* LaunchScreen.storyboard */; };
		E5B78C1528E6E3BD0028F457 /* AppFlowCoordinatorProtocol.swift in Sources */ = {isa = PBXBuildFile; fileRef = E5B78C1428E6E3BD0028F457 /* AppFlowCoordinatorProtocol.swift */; };
/* End PBXBuildFile section */

/* Begin PBXFileReference section */
		E52EF74728EC1D9C00FEF7FD /* ZooEndpoint.swift */ = {isa = PBXFileReference; lastKnownFileType = sourcecode.swift; path = ZooEndpoint.swift; sourceTree = "<group>"; };
		E52EF74928EC1DC500FEF7FD /* Endpoint.swift */ = {isa = PBXFileReference; lastKnownFileType = sourcecode.swift; path = Endpoint.swift; sourceTree = "<group>"; };
		E52EF74B28EC1DF600FEF7FD /* HttpRequestMethods.swift */ = {isa = PBXFileReference; lastKnownFileType = sourcecode.swift; path = HttpRequestMethods.swift; sourceTree = "<group>"; };
		E52EF74E28EC204D00FEF7FD /* NetworkingEngine.swift */ = {isa = PBXFileReference; lastKnownFileType = sourcecode.swift; path = NetworkingEngine.swift; sourceTree = "<group>"; };
		E52EF75028EC207B00FEF7FD /* NetworkError.swift */ = {isa = PBXFileReference; lastKnownFileType = sourcecode.swift; path = NetworkError.swift; sourceTree = "<group>"; };
		E52EF75228EC232800FEF7FD /* AnimalListViewModel.swift */ = {isa = PBXFileReference; lastKnownFileType = sourcecode.swift; path = AnimalListViewModel.swift; sourceTree = "<group>"; };
		E52EF75428EC261300FEF7FD /* DependencyProvider.swift */ = {isa = PBXFileReference; lastKnownFileType = sourcecode.swift; path = DependencyProvider.swift; sourceTree = "<group>"; };
		E52EF75628EC37A000FEF7FD /* ImageDownloaderProtocol.swift */ = {isa = PBXFileReference; lastKnownFileType = sourcecode.swift; path = ImageDownloaderProtocol.swift; sourceTree = "<group>"; };
		E52EF75828EC37B900FEF7FD /* ImageDownloader.swift */ = {isa = PBXFileReference; lastKnownFileType = sourcecode.swift; path = ImageDownloader.swift; sourceTree = "<group>"; };
		E52EF75A28EC38D000FEF7FD /* ImageCacheProtocol.swift */ = {isa = PBXFileReference; lastKnownFileType = sourcecode.swift; path = ImageCacheProtocol.swift; sourceTree = "<group>"; };
		E52EF75C28EC392B00FEF7FD /* ImageCache.swift */ = {isa = PBXFileReference; lastKnownFileType = sourcecode.swift; path = ImageCache.swift; sourceTree = "<group>"; };
		E58F99C128E6EE9B00D46A06 /* ZooListFlowCoordinator.swift */ = {isa = PBXFileReference; lastKnownFileType = sourcecode.swift; path = ZooListFlowCoordinator.swift; sourceTree = "<group>"; };
		E58F99C328E6EEF300D46A06 /* AppFlowCoordinator.swift */ = {isa = PBXFileReference; lastKnownFileType = sourcecode.swift; path = AppFlowCoordinator.swift; sourceTree = "<group>"; };
		E58F99C528E6F66900D46A06 /* ZooListViewController.swift */ = {isa = PBXFileReference; lastKnownFileType = sourcecode.swift; path = ZooListViewController.swift; sourceTree = "<group>"; };
		E58F99C928E6FB8300D46A06 /* ZooListView.swift */ = {isa = PBXFileReference; lastKnownFileType = sourcecode.swift; path = ZooListView.swift; sourceTree = "<group>"; };
		E58F99CC28E6FCB000D46A06 /* Animal.swift */ = {isa = PBXFileReference; lastKnownFileType = sourcecode.swift; path = Animal.swift; sourceTree = "<group>"; };
		E58F99CF28E6FE1B00D46A06 /* AnimalTableViewCell.swift */ = {isa = PBXFileReference; lastKnownFileType = sourcecode.swift; path = AnimalTableViewCell.swift; sourceTree = "<group>"; };
		E5B78BFA28E6E1AB0028F457 /* Zoo.app */ = {isa = PBXFileReference; explicitFileType = wrapper.application; includeInIndex = 0; path = Zoo.app; sourceTree = BUILT_PRODUCTS_DIR; };
		E5B78BFD28E6E1AB0028F457 /* AppDelegate.swift */ = {isa = PBXFileReference; lastKnownFileType = sourcecode.swift; path = AppDelegate.swift; sourceTree = "<group>"; };
		E5B78BFF28E6E1AB0028F457 /* SceneDelegate.swift */ = {isa = PBXFileReference; lastKnownFileType = sourcecode.swift; path = SceneDelegate.swift; sourceTree = "<group>"; };
		E5B78C0128E6E1AB0028F457 /* ViewController.swift */ = {isa = PBXFileReference; lastKnownFileType = sourcecode.swift; path = ViewController.swift; sourceTree = "<group>"; };
		E5B78C0628E6E1B00028F457 /* Assets.xcassets */ = {isa = PBXFileReference; lastKnownFileType = folder.assetcatalog; path = Assets.xcassets; sourceTree = "<group>"; };
		E5B78C0928E6E1B00028F457 /* Base */ = {isa = PBXFileReference; lastKnownFileType = file.storyboard; name = Base; path = Base.lproj/LaunchScreen.storyboard; sourceTree = "<group>"; };
		E5B78C0B28E6E1B00028F457 /* Info.plist */ = {isa = PBXFileReference; lastKnownFileType = text.plist.xml; path = Info.plist; sourceTree = "<group>"; };
		E5B78C1428E6E3BD0028F457 /* AppFlowCoordinatorProtocol.swift */ = {isa = PBXFileReference; lastKnownFileType = sourcecode.swift; path = AppFlowCoordinatorProtocol.swift; sourceTree = "<group>"; };
/* End PBXFileReference section */

/* Begin PBXFrameworksBuildPhase section */
		E5B78BF728E6E1AB0028F457 /* Frameworks */ = {
			isa = PBXFrameworksBuildPhase;
			buildActionMask = 2147483647;
			files = (
			);
			runOnlyForDeploymentPostprocessing = 0;
		};
/* End PBXFrameworksBuildPhase section */

/* Begin PBXGroup section */
		E52EF74628EC1D8400FEF7FD /* Networking */ = {
			isa = PBXGroup;
			children = (
				E52EF74D28EC1E0800FEF7FD /* Protocols */,
				E52EF74728EC1D9C00FEF7FD /* ZooEndpoint.swift */,
				E52EF74B28EC1DF600FEF7FD /* HttpRequestMethods.swift */,
				E52EF74E28EC204D00FEF7FD /* NetworkingEngine.swift */,
				E52EF75028EC207B00FEF7FD /* NetworkError.swift */,
				E52EF75828EC37B900FEF7FD /* ImageDownloader.swift */,
				E52EF75C28EC392B00FEF7FD /* ImageCache.swift */,
			);
			path = Networking;
			sourceTree = "<group>";
		};
		E52EF74D28EC1E0800FEF7FD /* Protocols */ = {
			isa = PBXGroup;
			children = (
				E52EF74928EC1DC500FEF7FD /* Endpoint.swift */,
				E52EF75628EC37A000FEF7FD /* ImageDownloaderProtocol.swift */,
				E52EF75A28EC38D000FEF7FD /* ImageCacheProtocol.swift */,
			);
			path = Protocols;
			sourceTree = "<group>";
		};
		E58F99C728E6FAC200D46A06 /* Screens */ = {
			isa = PBXGroup;
			children = (
				E58F99C828E6FB0100D46A06 /* ZooListScreen */,
			);
			path = Screens;
			sourceTree = "<group>";
		};
		E58F99C828E6FB0100D46A06 /* ZooListScreen */ = {
			isa = PBXGroup;
			children = (
				E58F99CE28E6FDEF00D46A06 /* Views */,
				E58F99C528E6F66900D46A06 /* ZooListViewController.swift */,
				E52EF75228EC232800FEF7FD /* AnimalListViewModel.swift */,
			);
			path = ZooListScreen;
			sourceTree = "<group>";
		};
		E58F99CB28E6FC9B00D46A06 /* Models */ = {
			isa = PBXGroup;
			children = (
				E58F99CC28E6FCB000D46A06 /* Animal.swift */,
			);
			path = Models;
			sourceTree = "<group>";
		};
		E58F99CE28E6FDEF00D46A06 /* Views */ = {
			isa = PBXGroup;
			children = (
				E58F99C928E6FB8300D46A06 /* ZooListView.swift */,
				E58F99CF28E6FE1B00D46A06 /* AnimalTableViewCell.swift */,
			);
			path = Views;
			sourceTree = "<group>";
		};
		E5B78BF128E6E1AB0028F457 = {
			isa = PBXGroup;
			children = (
				E5B78BFC28E6E1AB0028F457 /* Zoo */,
				E5B78BFB28E6E1AB0028F457 /* Products */,
			);
			sourceTree = "<group>";
		};
		E5B78BFB28E6E1AB0028F457 /* Products */ = {
			isa = PBXGroup;
			children = (
				E5B78BFA28E6E1AB0028F457 /* Zoo.app */,
			);
			name = Products;
			sourceTree = "<group>";
		};
		E5B78BFC28E6E1AB0028F457 /* Zoo */ = {
			isa = PBXGroup;
			children = (
				E52EF74628EC1D8400FEF7FD /* Networking */,
				E58F99CB28E6FC9B00D46A06 /* Models */,
				E58F99C728E6FAC200D46A06 /* Screens */,
				E5B78C1328E6E3980028F457 /* Navigation */,
				E5B78BFD28E6E1AB0028F457 /* AppDelegate.swift */,
				E5B78BFF28E6E1AB0028F457 /* SceneDelegate.swift */,
				E5B78C0128E6E1AB0028F457 /* ViewController.swift */,
				E5B78C0628E6E1B00028F457 /* Assets.xcassets */,
				E5B78C0828E6E1B00028F457 /* LaunchScreen.storyboard */,
				E5B78C0B28E6E1B00028F457 /* Info.plist */,
				E52EF75428EC261300FEF7FD /* DependencyProvider.swift */,
			);
			path = Zoo;
			sourceTree = "<group>";
		};
		E5B78C1328E6E3980028F457 /* Navigation */ = {
			isa = PBXGroup;
			children = (
				E5B78C1428E6E3BD0028F457 /* AppFlowCoordinatorProtocol.swift */,
				E58F99C328E6EEF300D46A06 /* AppFlowCoordinator.swift */,
				E58F99C128E6EE9B00D46A06 /* ZooListFlowCoordinator.swift */,
			);
			path = Navigation;
			sourceTree = "<group>";
		};
/* End PBXGroup section */

/* Begin PBXNativeTarget section */
		E5B78BF928E6E1AB0028F457 /* Zoo */ = {
			isa = PBXNativeTarget;
			buildConfigurationList = E5B78C0E28E6E1B00028F457 /* Build configuration list for PBXNativeTarget "Zoo" */;
			buildPhases = (
				E5B78BF628E6E1AB0028F457 /* Sources */,
				E5B78BF728E6E1AB0028F457 /* Frameworks */,
				E5B78BF828E6E1AB0028F457 /* Resources */,
			);
			buildRules = (
			);
			dependencies = (
			);
			name = Zoo;
			productName = Zoo;
			productReference = E5B78BFA28E6E1AB0028F457 /* Zoo.app */;
			productType = "com.apple.product-type.application";
		};
/* End PBXNativeTarget section */

/* Begin PBXProject section */
		E5B78BF228E6E1AB0028F457 /* Project object */ = {
			isa = PBXProject;
			attributes = {
				BuildIndependentTargetsInParallel = 1;
				LastSwiftUpdateCheck = 1400;
				LastUpgradeCheck = 1400;
				TargetAttributes = {
					E5B78BF928E6E1AB0028F457 = {
						CreatedOnToolsVersion = 14.0.1;
					};
				};
			};
			buildConfigurationList = E5B78BF528E6E1AB0028F457 /* Build configuration list for PBXProject "Zoo" */;
			compatibilityVersion = "Xcode 14.0";
			developmentRegion = en;
			hasScannedForEncodings = 0;
			knownRegions = (
				en,
				Base,
			);
			mainGroup = E5B78BF128E6E1AB0028F457;
			productRefGroup = E5B78BFB28E6E1AB0028F457 /* Products */;
			projectDirPath = "";
			projectRoot = "";
			targets = (
				E5B78BF928E6E1AB0028F457 /* Zoo */,
			);
		};
/* End PBXProject section */

/* Begin PBXResourcesBuildPhase section */
		E5B78BF828E6E1AB0028F457 /* Resources */ = {
			isa = PBXResourcesBuildPhase;
			buildActionMask = 2147483647;
			files = (
				E5B78C0A28E6E1B00028F457 /* LaunchScreen.storyboard in Resources */,
				E5B78C0728E6E1B00028F457 /* Assets.xcassets in Resources */,
			);
			runOnlyForDeploymentPostprocessing = 0;
		};
/* End PBXResourcesBuildPhase section */

/* Begin PBXSourcesBuildPhase section */
		E5B78BF628E6E1AB0028F457 /* Sources */ = {
			isa = PBXSourcesBuildPhase;
			buildActionMask = 2147483647;
			files = (
				E5B78C0228E6E1AB0028F457 /* ViewController.swift in Sources */,
				E58F99C228E6EE9D00D46A06 /* ZooListFlowCoordinator.swift in Sources */,
				E52EF75728EC37A000FEF7FD /* ImageDownloaderProtocol.swift in Sources */,
				E52EF75328EC232800FEF7FD /* AnimalListViewModel.swift in Sources */,
				E52EF75B28EC38D000FEF7FD /* ImageCacheProtocol.swift in Sources */,
				E5B78C1528E6E3BD0028F457 /* AppFlowCoordinatorProtocol.swift in Sources */,
				E52EF74C28EC1DF600FEF7FD /* HttpRequestMethods.swift in Sources */,
				E52EF75128EC207B00FEF7FD /* NetworkError.swift in Sources */,
				E58F99D028E6FE1B00D46A06 /* AnimalTableViewCell.swift in Sources */,
				E52EF75928EC37B900FEF7FD /* ImageDownloader.swift in Sources */,
				E58F99C428E6EEF300D46A06 /* AppFlowCoordinator.swift in Sources */,
				E5B78BFE28E6E1AB0028F457 /* AppDelegate.swift in Sources */,
				E52EF75D28EC392B00FEF7FD /* ImageCache.swift in Sources */,
				E58F99CA28E6FB8300D46A06 /* ZooListView.swift in Sources */,
				E58F99C628E6F66900D46A06 /* ZooListViewController.swift in Sources */,
				E52EF75528EC261300FEF7FD /* DependencyProvider.swift in Sources */,
				E5B78C0028E6E1AB0028F457 /* SceneDelegate.swift in Sources */,
				E52EF74828EC1D9C00FEF7FD /* ZooEndpoint.swift in Sources */,
				E52EF74A28EC1DC500FEF7FD /* Endpoint.swift in Sources */,
				E58F99CD28E6FCB000D46A06 /* Animal.swift in Sources */,
				E52EF74F28EC204D00FEF7FD /* NetworkingEngine.swift in Sources */,
			);
			runOnlyForDeploymentPostprocessing = 0;
		};
/* End PBXSourcesBuildPhase section */

/* Begin PBXVariantGroup section */
		E5B78C0828E6E1B00028F457 /* LaunchScreen.storyboard */ = {
			isa = PBXVariantGroup;
			children = (
				E5B78C0928E6E1B00028F457 /* Base */,
			);
			name = LaunchScreen.storyboard;
			sourceTree = "<group>";
		};
/* End PBXVariantGroup section */

/* Begin XCBuildConfiguration section */
		E5B78C0C28E6E1B00028F457 /* Debug */ = {
			isa = XCBuildConfiguration;
			buildSettings = {
				ALWAYS_SEARCH_USER_PATHS = NO;
				CLANG_ANALYZER_NONNULL = YES;
				CLANG_ANALYZER_NUMBER_OBJECT_CONVERSION = YES_AGGRESSIVE;
				CLANG_CXX_LANGUAGE_STANDARD = "gnu++20";
				CLANG_ENABLE_MODULES = YES;
				CLANG_ENABLE_OBJC_ARC = YES;
				CLANG_ENABLE_OBJC_WEAK = YES;
				CLANG_WARN_BLOCK_CAPTURE_AUTORELEASING = YES;
				CLANG_WARN_BOOL_CONVERSION = YES;
				CLANG_WARN_COMMA = YES;
				CLANG_WARN_CONSTANT_CONVERSION = YES;
				CLANG_WARN_DEPRECATED_OBJC_IMPLEMENTATIONS = YES;
				CLANG_WARN_DIRECT_OBJC_ISA_USAGE = YES_ERROR;
				CLANG_WARN_DOCUMENTATION_COMMENTS = YES;
				CLANG_WARN_EMPTY_BODY = YES;
				CLANG_WARN_ENUM_CONVERSION = YES;
				CLANG_WARN_INFINITE_RECURSION = YES;
				CLANG_WARN_INT_CONVERSION = YES;
				CLANG_WARN_NON_LITERAL_NULL_CONVERSION = YES;
				CLANG_WARN_OBJC_IMPLICIT_RETAIN_SELF = YES;
				CLANG_WARN_OBJC_LITERAL_CONVERSION = YES;
				CLANG_WARN_OBJC_ROOT_CLASS = YES_ERROR;
				CLANG_WARN_QUOTED_INCLUDE_IN_FRAMEWORK_HEADER = YES;
				CLANG_WARN_RANGE_LOOP_ANALYSIS = YES;
				CLANG_WARN_STRICT_PROTOTYPES = YES;
				CLANG_WARN_SUSPICIOUS_MOVE = YES;
				CLANG_WARN_UNGUARDED_AVAILABILITY = YES_AGGRESSIVE;
				CLANG_WARN_UNREACHABLE_CODE = YES;
				CLANG_WARN__DUPLICATE_METHOD_MATCH = YES;
				COPY_PHASE_STRIP = NO;
				DEBUG_INFORMATION_FORMAT = dwarf;
				ENABLE_STRICT_OBJC_MSGSEND = YES;
				ENABLE_TESTABILITY = YES;
				GCC_C_LANGUAGE_STANDARD = gnu11;
				GCC_DYNAMIC_NO_PIC = NO;
				GCC_NO_COMMON_BLOCKS = YES;
				GCC_OPTIMIZATION_LEVEL = 0;
				GCC_PREPROCESSOR_DEFINITIONS = (
					"DEBUG=1",
					"$(inherited)",
				);
				GCC_WARN_64_TO_32_BIT_CONVERSION = YES;
				GCC_WARN_ABOUT_RETURN_TYPE = YES_ERROR;
				GCC_WARN_UNDECLARED_SELECTOR = YES;
				GCC_WARN_UNINITIALIZED_AUTOS = YES_AGGRESSIVE;
				GCC_WARN_UNUSED_FUNCTION = YES;
				GCC_WARN_UNUSED_VARIABLE = YES;
				IPHONEOS_DEPLOYMENT_TARGET = 16.0;
				MTL_ENABLE_DEBUG_INFO = INCLUDE_SOURCE;
				MTL_FAST_MATH = YES;
				ONLY_ACTIVE_ARCH = YES;
				SDKROOT = iphoneos;
				SWIFT_ACTIVE_COMPILATION_CONDITIONS = DEBUG;
				SWIFT_OPTIMIZATION_LEVEL = "-Onone";
			};
			name = Debug;
		};
		E5B78C0D28E6E1B00028F457 /* Release */ = {
			isa = XCBuildConfiguration;
			buildSettings = {
				ALWAYS_SEARCH_USER_PATHS = NO;
				CLANG_ANALYZER_NONNULL = YES;
				CLANG_ANALYZER_NUMBER_OBJECT_CONVERSION = YES_AGGRESSIVE;
				CLANG_CXX_LANGUAGE_STANDARD = "gnu++20";
				CLANG_ENABLE_MODULES = YES;
				CLANG_ENABLE_OBJC_ARC = YES;
				CLANG_ENABLE_OBJC_WEAK = YES;
				CLANG_WARN_BLOCK_CAPTURE_AUTORELEASING = YES;
				CLANG_WARN_BOOL_CONVERSION = YES;
				CLANG_WARN_COMMA = YES;
				CLANG_WARN_CONSTANT_CONVERSION = YES;
				CLANG_WARN_DEPRECATED_OBJC_IMPLEMENTATIONS = YES;
				CLANG_WARN_DIRECT_OBJC_ISA_USAGE = YES_ERROR;
				CLANG_WARN_DOCUMENTATION_COMMENTS = YES;
				CLANG_WARN_EMPTY_BODY = YES;
				CLANG_WARN_ENUM_CONVERSION = YES;
				CLANG_WARN_INFINITE_RECURSION = YES;
				CLANG_WARN_INT_CONVERSION = YES;
				CLANG_WARN_NON_LITERAL_NULL_CONVERSION = YES;
				CLANG_WARN_OBJC_IMPLICIT_RETAIN_SELF = YES;
				CLANG_WARN_OBJC_LITERAL_CONVERSION = YES;
				CLANG_WARN_OBJC_ROOT_CLASS = YES_ERROR;
				CLANG_WARN_QUOTED_INCLUDE_IN_FRAMEWORK_HEADER = YES;
				CLANG_WARN_RANGE_LOOP_ANALYSIS = YES;
				CLANG_WARN_STRICT_PROTOTYPES = YES;
				CLANG_WARN_SUSPICIOUS_MOVE = YES;
				CLANG_WARN_UNGUARDED_AVAILABILITY = YES_AGGRESSIVE;
				CLANG_WARN_UNREACHABLE_CODE = YES;
				CLANG_WARN__DUPLICATE_METHOD_MATCH = YES;
				COPY_PHASE_STRIP = NO;
				DEBUG_INFORMATION_FORMAT = "dwarf-with-dsym";
				ENABLE_NS_ASSERTIONS = NO;
				ENABLE_STRICT_OBJC_MSGSEND = YES;
				GCC_C_LANGUAGE_STANDARD = gnu11;
				GCC_NO_COMMON_BLOCKS = YES;
				GCC_WARN_64_TO_32_BIT_CONVERSION = YES;
				GCC_WARN_ABOUT_RETURN_TYPE = YES_ERROR;
				GCC_WARN_UNDECLARED_SELECTOR = YES;
				GCC_WARN_UNINITIALIZED_AUTOS = YES_AGGRESSIVE;
				GCC_WARN_UNUSED_FUNCTION = YES;
				GCC_WARN_UNUSED_VARIABLE = YES;
				IPHONEOS_DEPLOYMENT_TARGET = 16.0;
				MTL_ENABLE_DEBUG_INFO = NO;
				MTL_FAST_MATH = YES;
				SDKROOT = iphoneos;
				SWIFT_COMPILATION_MODE = wholemodule;
				SWIFT_OPTIMIZATION_LEVEL = "-O";
				VALIDATE_PRODUCT = YES;
			};
			name = Release;
		};
		E5B78C0F28E6E1B00028F457 /* Debug */ = {
			isa = XCBuildConfiguration;
			buildSettings = {
				ASSETCATALOG_COMPILER_APPICON_NAME = AppIcon;
				ASSETCATALOG_COMPILER_GLOBAL_ACCENT_COLOR_NAME = AccentColor;
				CODE_SIGN_STYLE = Automatic;
				CURRENT_PROJECT_VERSION = 1;
				DEVELOPMENT_TEAM = 4NP83W27WQ;
				GENERATE_INFOPLIST_FILE = YES;
				INFOPLIST_FILE = Zoo/Info.plist;
				INFOPLIST_KEY_UIApplicationSupportsIndirectInputEvents = YES;
				INFOPLIST_KEY_UILaunchStoryboardName = LaunchScreen;
				INFOPLIST_KEY_UIMainStoryboardFile = Main;
				INFOPLIST_KEY_UISupportedInterfaceOrientations_iPad = "UIInterfaceOrientationPortrait UIInterfaceOrientationPortraitUpsideDown UIInterfaceOrientationLandscapeLeft UIInterfaceOrientationLandscapeRight";
				INFOPLIST_KEY_UISupportedInterfaceOrientations_iPhone = "UIInterfaceOrientationPortrait UIInterfaceOrientationLandscapeLeft UIInterfaceOrientationLandscapeRight";
				IPHONEOS_DEPLOYMENT_TARGET = 15.0;
				LD_RUNPATH_SEARCH_PATHS = (
					"$(inherited)",
					"@executable_path/Frameworks",
				);
				MARKETING_VERSION = 1.0;
				PRODUCT_BUNDLE_IDENTIFIER = com.kruchkovskakr.Zoo;
				PRODUCT_NAME = "$(TARGET_NAME)";
				SWIFT_EMIT_LOC_STRINGS = YES;
				SWIFT_VERSION = 5.0;
				TARGETED_DEVICE_FAMILY = "1,2";
			};
			name = Debug;
		};
		E5B78C1028E6E1B00028F457 /* Release */ = {
			isa = XCBuildConfiguration;
			buildSettings = {
				ASSETCATALOG_COMPILER_APPICON_NAME = AppIcon;
				ASSETCATALOG_COMPILER_GLOBAL_ACCENT_COLOR_NAME = AccentColor;
				CODE_SIGN_STYLE = Automatic;
				CURRENT_PROJECT_VERSION = 1;
				DEVELOPMENT_TEAM = V8ZG3WLBMM;
				GENERATE_INFOPLIST_FILE = YES;
				INFOPLIST_FILE = Zoo/Info.plist;
				INFOPLIST_KEY_UIApplicationSupportsIndirectInputEvents = YES;
				INFOPLIST_KEY_UILaunchStoryboardName = LaunchScreen;
				INFOPLIST_KEY_UIMainStoryboardFile = Main;
				INFOPLIST_KEY_UISupportedInterfaceOrientations_iPad = "UIInterfaceOrientationPortrait UIInterfaceOrientationPortraitUpsideDown UIInterfaceOrientationLandscapeLeft UIInterfaceOrientationLandscapeRight";
				INFOPLIST_KEY_UISupportedInterfaceOrientations_iPhone = "UIInterfaceOrientationPortrait UIInterfaceOrientationLandscapeLeft UIInterfaceOrientationLandscapeRight";
				IPHONEOS_DEPLOYMENT_TARGET = 15.0;
				LD_RUNPATH_SEARCH_PATHS = (
					"$(inherited)",
					"@executable_path/Frameworks",
				);
				MARKETING_VERSION = 1.0;
				PRODUCT_BUNDLE_IDENTIFIER = com.kruchkovskakr.Zoo;
				PRODUCT_NAME = "$(TARGET_NAME)";
				SWIFT_EMIT_LOC_STRINGS = YES;
				SWIFT_VERSION = 5.0;
				TARGETED_DEVICE_FAMILY = "1,2";
			};
			name = Release;
		};
/* End XCBuildConfiguration section */

/* Begin XCConfigurationList section */
		E5B78BF528E6E1AB0028F457 /* Build configuration list for PBXProject "Zoo" */ = {
			isa = XCConfigurationList;
			buildConfigurations = (
				E5B78C0C28E6E1B00028F457 /* Debug */,
				E5B78C0D28E6E1B00028F457 /* Release */,
			);
			defaultConfigurationIsVisible = 0;
			defaultConfigurationName = Release;
		};
		E5B78C0E28E6E1B00028F457 /* Build configuration list for PBXNativeTarget "Zoo" */ = {
			isa = XCConfigurationList;
			buildConfigurations = (
				E5B78C0F28E6E1B00028F457 /* Debug */,
				E5B78C1028E6E1B00028F457 /* Release */,
			);
			defaultConfigurationIsVisible = 0;
			defaultConfigurationName = Release;
		};
/* End XCConfigurationList section */
	};
	rootObject = E5B78BF228E6E1AB0028F457 /* Project object */;
}
